<?xml version="1.0" encoding="utf-8"?>
<Project ToolsVersion="4.0" xmlns="http://schemas.microsoft.com/developer/msbuild/2003">
  <ItemGroup>
    <Filter Include="Source Files">
      <UniqueIdentifier>{4FC737F1-C7A5-4376-A066-2A32D752A2FF}</UniqueIdentifier>
      <Extensions>cpp;c;cc;cxx;c++;cppm;ixx;def;odl;idl;hpj;bat;asm;asmx</Extensions>
    </Filter>
    <Filter Include="Header Files">
      <UniqueIdentifier>{93995380-89BD-4b04-88EB-625FBE52EBFB}</UniqueIdentifier>
      <Extensions>h;hh;hpp;hxx;h++;hm;inl;inc;ipp;xsd</Extensions>
    </Filter>
    <Filter Include="Resource Files">
      <UniqueIdentifier>{67DA6AB6-F800-4c08-8B7A-83BB121AAD01}</UniqueIdentifier>
      <Extensions>rc;ico;cur;bmp;dlg;rc2;rct;bin;rgs;gif;jpg;jpeg;jpe;resx;tiff;tif;png;wav;mfcribbon-ms</Extensions>
    </Filter>
  </ItemGroup>
  <ItemGroup>
    <ClCompile Include="main.cpp">
      <Filter>Source Files</Filter>
    </ClCompile>
    <ClCompile Include="camera.cpp">
      <Filter>Resource Files</Filter>
    </ClCompile>
    <ClCompile Include="eng_window.cpp">
      <Filter>Resource Files</Filter>
    </ClCompile>
    <ClCompile Include="core.cpp">
      <Filter>Resource Files</Filter>
    </ClCompile>
    <ClCompile Include="engine_graphics.cpp">
      <Filter>Resource Files</Filter>
    </ClCompile>
    <ClCompile Include="engine_init.cpp">
      <Filter>Resource Files</Filter>
    </ClCompile>
    <ClCompile Include="error_setup.cpp">
      <Filter>Resource Files</Filter>
    </ClCompile>
    <ClCompile Include="memory_allocator.cpp">
      <Filter>Resource Files</Filter>
    </ClCompile>
    <ClCompile Include="queue.cpp">
      <Filter>Resource Files</Filter>
    </ClCompile>
    <ClCompile Include="swapchain_support.cpp">
      <Filter>Resource Files</Filter>
    </ClCompile>
    <ClCompile Include="engine.cpp">
      <Filter>Resource Files</Filter>
    </ClCompile>
  </ItemGroup>
  <ItemGroup>
    <ClInclude Include="camera.hpp">
      <Filter>Header Files</Filter>
    </ClInclude>
    <ClInclude Include="common.hpp">
      <Filter>Header Files</Filter>
    </ClInclude>
    <ClInclude Include="data_formats.hpp">
      <Filter>Header Files</Filter>
    </ClInclude>
    <ClInclude Include="eng_window.hpp">
      <Filter>Header Files</Filter>
    </ClInclude>
    <ClInclude Include="core.hpp">
      <Filter>Header Files</Filter>
    </ClInclude>
    <ClInclude Include="engine_graphics.hpp">
      <Filter>Header Files</Filter>
    </ClInclude>
    <ClInclude Include="engine_init.hpp">
      <Filter>Header Files</Filter>
    </ClInclude>
    <ClInclude Include="error_setup.hpp">
      <Filter>Header Files</Filter>
    </ClInclude>
    <ClInclude Include="memory_allocator.hpp">
      <Filter>Header Files</Filter>
    </ClInclude>
    <ClInclude Include="queue.hpp">
      <Filter>Header Files</Filter>
    </ClInclude>
    <ClInclude Include="swapchain_support.hpp">
      <Filter>Header Files</Filter>
    </ClInclude>
    <ClInclude Include="engine.hpp">
      <Filter>Header Files</Filter>
    </ClInclude>
  </ItemGroup>
</Project>